// !$*UTF8*$!
{
	archiveVersion = 1;
	classes = {
	};
	objectVersion = 50;
	objects = {

/* Begin PBXBuildFile section */
		3D28DDA5231DF5060075D558 /* AppDelegate.swift in Sources */ = {isa = PBXBuildFile; fileRef = 3D28DDA4231DF5060075D558 /* AppDelegate.swift */; };
		3D28DDA7231DF5060075D558 /* ViewController.swift in Sources */ = {isa = PBXBuildFile; fileRef = 3D28DDA6231DF5060075D558 /* ViewController.swift */; };
		3D28DDAA231DF5060075D558 /* Main.storyboard in Resources */ = {isa = PBXBuildFile; fileRef = 3D28DDA8231DF5060075D558 /* Main.storyboard */; };
		3D28DDAC231DF5070075D558 /* Assets.xcassets in Resources */ = {isa = PBXBuildFile; fileRef = 3D28DDAB231DF5070075D558 /* Assets.xcassets */; };
		3D28DDAF231DF5070075D558 /* LaunchScreen.storyboard in Resources */ = {isa = PBXBuildFile; fileRef = 3D28DDAD231DF5070075D558 /* LaunchScreen.storyboard */; };
		3D28DDBA231DF5080075D558 /* CS4261Assignment1Tests.swift in Sources */ = {isa = PBXBuildFile; fileRef = 3D28DDB9231DF5080075D558 /* CS4261Assignment1Tests.swift */; };
		3D28DDC5231DF5080075D558 /* CS4261Assignment1UITests.swift in Sources */ = {isa = PBXBuildFile; fileRef = 3D28DDC4231DF5080075D558 /* CS4261Assignment1UITests.swift */; };
/* End PBXBuildFile section */

/* Begin PBXContainerItemProxy section */
		3D28DDB6231DF5080075D558 /* PBXContainerItemProxy */ = {
			isa = PBXContainerItemProxy;
			containerPortal = 3D28DD99231DF5060075D558 /* Project object */;
			proxyType = 1;
			remoteGlobalIDString = 3D28DDA0231DF5060075D558;
			remoteInfo = CS4261Assignment1;
		};
		3D28DDC1231DF5080075D558 /* PBXContainerItemProxy */ = {
			isa = PBXContainerItemProxy;
			containerPortal = 3D28DD99231DF5060075D558 /* Project object */;
			proxyType = 1;
			remoteGlobalIDString = 3D28DDA0231DF5060075D558;
			remoteInfo = CS4261Assignment1;
		};
/* End PBXContainerItemProxy section */

/* Begin PBXFileReference section */
		3D28DDA1231DF5060075D558 /* CS4261Assignment1.app */ = {isa = PBXFileReference; explicitFileType = wrapper.application; includeInIndex = 0; path = CS4261Assignment1.app; sourceTree = BUILT_PRODUCTS_DIR; };
		3D28DDA4231DF5060075D558 /* AppDelegate.swift */ = {isa = PBXFileReference; lastKnownFileType = sourcecode.swift; path = AppDelegate.swift; sourceTree = "<group>"; };
		3D28DDA6231DF5060075D558 /* ViewController.swift */ = {isa = PBXFileReference; lastKnownFileType = sourcecode.swift; path = ViewController.swift; sourceTree = "<group>"; };
		3D28DDA9231DF5060075D558 /* Base */ = {isa = PBXFileReference; lastKnownFileType = file.storyboard; name = Base; path = Base.lproj/Main.storyboard; sourceTree = "<group>"; };
		3D28DDAB231DF5070075D558 /* Assets.xcassets */ = {isa = PBXFileReference; lastKnownFileType = folder.assetcatalog; path = Assets.xcassets; sourceTree = "<group>"; };
		3D28DDAE231DF5070075D558 /* Base */ = {isa = PBXFileReference; lastKnownFileType = file.storyboard; name = Base; path = Base.lproj/LaunchScreen.storyboard; sourceTree = "<group>"; };
		3D28DDB0231DF5070075D558 /* Info.plist */ = {isa = PBXFileReference; lastKnownFileType = text.plist.xml; path = Info.plist; sourceTree = "<group>"; };
		3D28DDB5231DF5080075D558 /* CS4261Assignment1Tests.xctest */ = {isa = PBXFileReference; explicitFileType = wrapper.cfbundle; includeInIndex = 0; path = CS4261Assignment1Tests.xctest; sourceTree = BUILT_PRODUCTS_DIR; };
		3D28DDB9231DF5080075D558 /* CS4261Assignment1Tests.swift */ = {isa = PBXFileReference; lastKnownFileType = sourcecode.swift; path = CS4261Assignment1Tests.swift; sourceTree = "<group>"; };
		3D28DDBB231DF5080075D558 /* Info.plist */ = {isa = PBXFileReference; lastKnownFileType = text.plist.xml; path = Info.plist; sourceTree = "<group>"; };
		3D28DDC0231DF5080075D558 /* CS4261Assignment1UITests.xctest */ = {isa = PBXFileReference; explicitFileType = wrapper.cfbundle; includeInIndex = 0; path = CS4261Assignment1UITests.xctest; sourceTree = BUILT_PRODUCTS_DIR; };
		3D28DDC4231DF5080075D558 /* CS4261Assignment1UITests.swift */ = {isa = PBXFileReference; lastKnownFileType = sourcecode.swift; path = CS4261Assignment1UITests.swift; sourceTree = "<group>"; };
		3D28DDC6231DF5080075D558 /* Info.plist */ = {isa = PBXFileReference; lastKnownFileType = text.plist.xml; path = Info.plist; sourceTree = "<group>"; };
/* End PBXFileReference section */

/* Begin PBXFrameworksBuildPhase section */
		3D28DD9E231DF5060075D558 /* Frameworks */ = {
			isa = PBXFrameworksBuildPhase;
			buildActionMask = 2147483647;
			files = (
			);
			runOnlyForDeploymentPostprocessing = 0;
		};
		3D28DDB2231DF5080075D558 /* Frameworks */ = {
			isa = PBXFrameworksBuildPhase;
			buildActionMask = 2147483647;
			files = (
			);
			runOnlyForDeploymentPostprocessing = 0;
		};
		3D28DDBD231DF5080075D558 /* Frameworks */ = {
			isa = PBXFrameworksBuildPhase;
			buildActionMask = 2147483647;
			files = (
			);
			runOnlyForDeploymentPostprocessing = 0;
		};
/* End PBXFrameworksBuildPhase section */

/* Begin PBXGroup section */
		3D28DD98231DF5060075D558 = {
			isa = PBXGroup;
			children = (
				3D28DDA3231DF5060075D558 /* CS4261Assignment1 */,
				3D28DDB8231DF5080075D558 /* CS4261Assignment1Tests */,
				3D28DDC3231DF5080075D558 /* CS4261Assignment1UITests */,
				3D28DDA2231DF5060075D558 /* Products */,
			);
			sourceTree = "<group>";
		};
		3D28DDA2231DF5060075D558 /* Products */ = {
			isa = PBXGroup;
			children = (
				3D28DDA1231DF5060075D558 /* CS4261Assignment1.app */,
				3D28DDB5231DF5080075D558 /* CS4261Assignment1Tests.xctest */,
				3D28DDC0231DF5080075D558 /* CS4261Assignment1UITests.xctest */,
			);
			name = Products;
			sourceTree = "<group>";
		};
		3D28DDA3231DF5060075D558 /* CS4261Assignment1 */ = {
			isa = PBXGroup;
			children = (
				3D28DDA4231DF5060075D558 /* AppDelegate.swift */,
				3D28DDA6231DF5060075D558 /* ViewController.swift */,
				3D28DDA8231DF5060075D558 /* Main.storyboard */,
				3D28DDAB231DF5070075D558 /* Assets.xcassets */,
				3D28DDAD231DF5070075D558 /* LaunchScreen.storyboard */,
				3D28DDB0231DF5070075D558 /* Info.plist */,
			);
			path = CS4261Assignment1;
			sourceTree = "<group>";
		};
		3D28DDB8231DF5080075D558 /* CS4261Assignment1Tests */ = {
			isa = PBXGroup;
			children = (
				3D28DDB9231DF5080075D558 /* CS4261Assignment1Tests.swift */,
				3D28DDBB231DF5080075D558 /* Info.plist */,
			);
			path = CS4261Assignment1Tests;
			sourceTree = "<group>";
		};
		3D28DDC3231DF5080075D558 /* CS4261Assignment1UITests */ = {
			isa = PBXGroup;
			children = (
				3D28DDC4231DF5080075D558 /* CS4261Assignment1UITests.swift */,
				3D28DDC6231DF5080075D558 /* Info.plist */,
			);
			path = CS4261Assignment1UITests;
			sourceTree = "<group>";
		};
/* End PBXGroup section */

/* Begin PBXNativeTarget section */
		3D28DDA0231DF5060075D558 /* CS4261Assignment1 */ = {
			isa = PBXNativeTarget;
			buildConfigurationList = 3D28DDC9231DF5080075D558 /* Build configuration list for PBXNativeTarget "CS4261Assignment1" */;
			buildPhases = (
				3D28DD9D231DF5060075D558 /* Sources */,
				3D28DD9E231DF5060075D558 /* Frameworks */,
				3D28DD9F231DF5060075D558 /* Resources */,
			);
			buildRules = (
			);
			dependencies = (
			);
			name = CS4261Assignment1;
			productName = CS4261Assignment1;
			productReference = 3D28DDA1231DF5060075D558 /* CS4261Assignment1.app */;
			productType = "com.apple.product-type.application";
		};
		3D28DDB4231DF5080075D558 /* CS4261Assignment1Tests */ = {
			isa = PBXNativeTarget;
			buildConfigurationList = 3D28DDCC231DF5080075D558 /* Build configuration list for PBXNativeTarget "CS4261Assignment1Tests" */;
			buildPhases = (
				3D28DDB1231DF5080075D558 /* Sources */,
				3D28DDB2231DF5080075D558 /* Frameworks */,
				3D28DDB3231DF5080075D558 /* Resources */,
			);
			buildRules = (
			);
			dependencies = (
				3D28DDB7231DF5080075D558 /* PBXTargetDependency */,
			);
			name = CS4261Assignment1Tests;
			productName = CS4261Assignment1Tests;
			productReference = 3D28DDB5231DF5080075D558 /* CS4261Assignment1Tests.xctest */;
			productType = "com.apple.product-type.bundle.unit-test";
		};
		3D28DDBF231DF5080075D558 /* CS4261Assignment1UITests */ = {
			isa = PBXNativeTarget;
			buildConfigurationList = 3D28DDCF231DF5080075D558 /* Build configuration list for PBXNativeTarget "CS4261Assignment1UITests" */;
			buildPhases = (
				3D28DDBC231DF5080075D558 /* Sources */,
				3D28DDBD231DF5080075D558 /* Frameworks */,
				3D28DDBE231DF5080075D558 /* Resources */,
			);
			buildRules = (
			);
			dependencies = (
				3D28DDC2231DF5080075D558 /* PBXTargetDependency */,
			);
			name = CS4261Assignment1UITests;
			productName = CS4261Assignment1UITests;
			productReference = 3D28DDC0231DF5080075D558 /* CS4261Assignment1UITests.xctest */;
			productType = "com.apple.product-type.bundle.ui-testing";
		};
/* End PBXNativeTarget section */

/* Begin PBXProject section */
		3D28DD99231DF5060075D558 /* Project object */ = {
			isa = PBXProject;
			attributes = {
				LastSwiftUpdateCheck = 1010;
				LastUpgradeCheck = 1010;
				ORGANIZATIONNAME = "Brooke Brennan";
				TargetAttributes = {
					3D28DDA0231DF5060075D558 = {
						CreatedOnToolsVersion = 10.1;
					};
					3D28DDB4231DF5080075D558 = {
						CreatedOnToolsVersion = 10.1;
						TestTargetID = 3D28DDA0231DF5060075D558;
					};
					3D28DDBF231DF5080075D558 = {
						CreatedOnToolsVersion = 10.1;
						TestTargetID = 3D28DDA0231DF5060075D558;
					};
				};
			};
			buildConfigurationList = 3D28DD9C231DF5060075D558 /* Build configuration list for PBXProject "CS4261Assignment1" */;
			compatibilityVersion = "Xcode 9.3";
			developmentRegion = en;
			hasScannedForEncodings = 0;
			knownRegions = (
				en,
				Base,
			);
			mainGroup = 3D28DD98231DF5060075D558;
			productRefGroup = 3D28DDA2231DF5060075D558 /* Products */;
			projectDirPath = "";
			projectRoot = "";
			targets = (
				3D28DDA0231DF5060075D558 /* CS4261Assignment1 */,
				3D28DDB4231DF5080075D558 /* CS4261Assignment1Tests */,
				3D28DDBF231DF5080075D558 /* CS4261Assignment1UITests */,
			);
		};
/* End PBXProject section */

/* Begin PBXResourcesBuildPhase section */
		3D28DD9F231DF5060075D558 /* Resources */ = {
			isa = PBXResourcesBuildPhase;
			buildActionMask = 2147483647;
			files = (
				3D28DDAF231DF5070075D558 /* LaunchScreen.storyboard in Resources */,
				3D28DDAC231DF5070075D558 /* Assets.xcassets in Resources */,
				3D28DDAA231DF5060075D558 /* Main.storyboard in Resources */,
			);
			runOnlyForDeploymentPostprocessing = 0;
		};
		3D28DDB3231DF5080075D558 /* Resources */ = {
			isa = PBXResourcesBuildPhase;
			buildActionMask = 2147483647;
			files = (
			);
			runOnlyForDeploymentPostprocessing = 0;
		};
		3D28DDBE231DF5080075D558 /* Resources */ = {
			isa = PBXResourcesBuildPhase;
			buildActionMask = 2147483647;
			files = (
			);
			runOnlyForDeploymentPostprocessing = 0;
		};
/* End PBXResourcesBuildPhase section */

/* Begin PBXSourcesBuildPhase section */
		3D28DD9D231DF5060075D558 /* Sources */ = {
			isa = PBXSourcesBuildPhase;
			buildActionMask = 2147483647;
			files = (
				3D28DDA7231DF5060075D558 /* ViewController.swift in Sources */,
				3D28DDA5231DF5060075D558 /* AppDelegate.swift in Sources */,
			);
			runOnlyForDeploymentPostprocessing = 0;
		};
		3D28DDB1231DF5080075D558 /* Sources */ = {
			isa = PBXSourcesBuildPhase;
			buildActionMask = 2147483647;
			files = (
				3D28DDBA231DF5080075D558 /* CS4261Assignment1Tests.swift in Sources */,
			);
			runOnlyForDeploymentPostprocessing = 0;
		};
		3D28DDBC231DF5080075D558 /* Sources */ = {
			isa = PBXSourcesBuildPhase;
			buildActionMask = 2147483647;
			files = (
				3D28DDC5231DF5080075D558 /* CS4261Assignment1UITests.swift in Sources */,
			);
			runOnlyForDeploymentPostprocessing = 0;
		};
/* End PBXSourcesBuildPhase section */

/* Begin PBXTargetDependency section */
		3D28DDB7231DF5080075D558 /* PBXTargetDependency */ = {
			isa = PBXTargetDependency;
			target = 3D28DDA0231DF5060075D558 /* CS4261Assignment1 */;
			targetProxy = 3D28DDB6231DF5080075D558 /* PBXContainerItemProxy */;
		};
		3D28DDC2231DF5080075D558 /* PBXTargetDependency */ = {
			isa = PBXTargetDependency;
			target = 3D28DDA0231DF5060075D558 /* CS4261Assignment1 */;
			targetProxy = 3D28DDC1231DF5080075D558 /* PBXContainerItemProxy */;
		};
/* End PBXTargetDependency section */

/* Begin PBXVariantGroup section */
		3D28DDA8231DF5060075D558 /* Main.storyboard */ = {
			isa = PBXVariantGroup;
			children = (
				3D28DDA9231DF5060075D558 /* Base */,
			);
			name = Main.storyboard;
			sourceTree = "<group>";
		};
		3D28DDAD231DF5070075D558 /* LaunchScreen.storyboard */ = {
			isa = PBXVariantGroup;
			children = (
				3D28DDAE231DF5070075D558 /* Base */,
			);
			name = LaunchScreen.storyboard;
			sourceTree = "<group>";
		};
/* End PBXVariantGroup section */

/* Begin XCBuildConfiguration section */
		3D28DDC7231DF5080075D558 /* Debug */ = {
			isa = XCBuildConfiguration;
			buildSettings = {
				ALWAYS_SEARCH_USER_PATHS = NO;
				CLANG_ANALYZER_NONNULL = YES;
				CLANG_ANALYZER_NUMBER_OBJECT_CONVERSION = YES_AGGRESSIVE;
				CLANG_CXX_LANGUAGE_STANDARD = "gnu++14";
				CLANG_CXX_LIBRARY = "libc++";
				CLANG_ENABLE_MODULES = YES;
				CLANG_ENABLE_OBJC_ARC = YES;
				CLANG_ENABLE_OBJC_WEAK = YES;
				CLANG_WARN_BLOCK_CAPTURE_AUTORELEASING = YES;
				CLANG_WARN_BOOL_CONVERSION = YES;
				CLANG_WARN_COMMA = YES;
				CLANG_WARN_CONSTANT_CONVERSION = YES;
				CLANG_WARN_DEPRECATED_OBJC_IMPLEMENTATIONS = YES;
				CLANG_WARN_DIRECT_OBJC_ISA_USAGE = YES_ERROR;
				CLANG_WARN_DOCUMENTATION_COMMENTS = YES;
				CLANG_WARN_EMPTY_BODY = YES;
				CLANG_WARN_ENUM_CONVERSION = YES;
				CLANG_WARN_INFINITE_RECURSION = YES;
				CLANG_WARN_INT_CONVERSION = YES;
				CLANG_WARN_NON_LITERAL_NULL_CONVERSION = YES;
				CLANG_WARN_OBJC_IMPLICIT_RETAIN_SELF = YES;
				CLANG_WARN_OBJC_LITERAL_CONVERSION = YES;
				CLANG_WARN_OBJC_ROOT_CLASS = YES_ERROR;
				CLANG_WARN_RANGE_LOOP_ANALYSIS = YES;
				CLANG_WARN_STRICT_PROTOTYPES = YES;
				CLANG_WARN_SUSPICIOUS_MOVE = YES;
				CLANG_WARN_UNGUARDED_AVAILABILITY = YES_AGGRESSIVE;
				CLANG_WARN_UNREACHABLE_CODE = YES;
				CLANG_WARN__DUPLICATE_METHOD_MATCH = YES;
				CODE_SIGN_IDENTITY = "iPhone Developer";
				COPY_PHASE_STRIP = NO;
				DEBUG_INFORMATION_FORMAT = dwarf;
				ENABLE_STRICT_OBJC_MSGSEND = YES;
				ENABLE_TESTABILITY = YES;
				GCC_C_LANGUAGE_STANDARD = gnu11;
				GCC_DYNAMIC_NO_PIC = NO;
				GCC_NO_COMMON_BLOCKS = YES;
				GCC_OPTIMIZATION_LEVEL = 0;
				GCC_PREPROCESSOR_DEFINITIONS = (
					"DEBUG=1",
					"$(inherited)",
				);
				GCC_WARN_64_TO_32_BIT_CONVERSION = YES;
				GCC_WARN_ABOUT_RETURN_TYPE = YES_ERROR;
				GCC_WARN_UNDECLARED_SELECTOR = YES;
				GCC_WARN_UNINITIALIZED_AUTOS = YES_AGGRESSIVE;
				GCC_WARN_UNUSED_FUNCTION = YES;
				GCC_WARN_UNUSED_VARIABLE = YES;
				IPHONEOS_DEPLOYMENT_TARGET = 12.1;
				MTL_ENABLE_DEBUG_INFO = INCLUDE_SOURCE;
				MTL_FAST_MATH = YES;
				ONLY_ACTIVE_ARCH = YES;
				SDKROOT = iphoneos;
				SWIFT_ACTIVE_COMPILATION_CONDITIONS = DEBUG;
				SWIFT_OPTIMIZATION_LEVEL = "-Onone";
			};
			name = Debug;
		};
		3D28DDC8231DF5080075D558 /* Release */ = {
			isa = XCBuildConfiguration;
			buildSettings = {
				ALWAYS_SEARCH_USER_PATHS = NO;
				CLANG_ANALYZER_NONNULL = YES;
				CLANG_ANALYZER_NUMBER_OBJECT_CONVERSION = YES_AGGRESSIVE;
				CLANG_CXX_LANGUAGE_STANDARD = "gnu++14";
				CLANG_CXX_LIBRARY = "libc++";
				CLANG_ENABLE_MODULES = YES;
				CLANG_ENABLE_OBJC_ARC = YES;
				CLANG_ENABLE_OBJC_WEAK = YES;
				CLANG_WARN_BLOCK_CAPTURE_AUTORELEASING = YES;
				CLANG_WARN_BOOL_CONVERSION = YES;
				CLANG_WARN_COMMA = YES;
				CLANG_WARN_CONSTANT_CONVERSION = YES;
				CLANG_WARN_DEPRECATED_OBJC_IMPLEMENTATIONS = YES;
				CLANG_WARN_DIRECT_OBJC_ISA_USAGE = YES_ERROR;
				CLANG_WARN_DOCUMENTATION_COMMENTS = YES;
				CLANG_WARN_EMPTY_BODY = YES;
				CLANG_WARN_ENUM_CONVERSION = YES;
				CLANG_WARN_INFINITE_RECURSION = YES;
				CLANG_WARN_INT_CONVERSION = YES;
				CLANG_WARN_NON_LITERAL_NULL_CONVERSION = YES;
				CLANG_WARN_OBJC_IMPLICIT_RETAIN_SELF = YES;
				CLANG_WARN_OBJC_LITERAL_CONVERSION = YES;
				CLANG_WARN_OBJC_ROOT_CLASS = YES_ERROR;
				CLANG_WARN_RANGE_LOOP_ANALYSIS = YES;
				CLANG_WARN_STRICT_PROTOTYPES = YES;
				CLANG_WARN_SUSPICIOUS_MOVE = YES;
				CLANG_WARN_UNGUARDED_AVAILABILITY = YES_AGGRESSIVE;
				CLANG_WARN_UNREACHABLE_CODE = YES;
				CLANG_WARN__DUPLICATE_METHOD_MATCH = YES;
				CODE_SIGN_IDENTITY = "iPhone Developer";
				COPY_PHASE_STRIP = NO;
				DEBUG_INFORMATION_FORMAT = "dwarf-with-dsym";
				ENABLE_NS_ASSERTIONS = NO;
				ENABLE_STRICT_OBJC_MSGSEND = YES;
				GCC_C_LANGUAGE_STANDARD = gnu11;
				GCC_NO_COMMON_BLOCKS = YES;
				GCC_WARN_64_TO_32_BIT_CONVERSION = YES;
				GCC_WARN_ABOUT_RETURN_TYPE = YES_ERROR;
				GCC_WARN_UNDECLARED_SELECTOR = YES;
				GCC_WARN_UNINITIALIZED_AUTOS = YES_AGGRESSIVE;
				GCC_WARN_UNUSED_FUNCTION = YES;
				GCC_WARN_UNUSED_VARIABLE = YES;
				IPHONEOS_DEPLOYMENT_TARGET = 12.1;
				MTL_ENABLE_DEBUG_INFO = NO;
				MTL_FAST_MATH = YES;
				SDKROOT = iphoneos;
				SWIFT_COMPILATION_MODE = wholemodule;
				SWIFT_OPTIMIZATION_LEVEL = "-O";
				VALIDATE_PRODUCT = YES;
			};
			name = Release;
		};
		3D28DDCA231DF5080075D558 /* Debug */ = {
			isa = XCBuildConfiguration;
			buildSettings = {
				ASSETCATALOG_COMPILER_APPICON_NAME = AppIcon;
				CODE_SIGN_STYLE = Automatic;
				INFOPLIST_FILE = CS4261Assignment1/Info.plist;
				LD_RUNPATH_SEARCH_PATHS = (
					"$(inherited)",
					"@executable_path/Frameworks",
				);
				PRODUCT_BUNDLE_IDENTIFIER = ECE.CS4261Assignment1;
				PRODUCT_NAME = "$(TARGET_NAME)";
				SWIFT_VERSION = 4.2;
				TARGETED_DEVICE_FAMILY = "1,2";
			};
			name = Debug;
		};
		3D28DDCB231DF5080075D558 /* Release */ = {
			isa = XCBuildConfiguration;
			buildSettings = {
				ASSETCATALOG_COMPILER_APPICON_NAME = AppIcon;
				CODE_SIGN_STYLE = Automatic;
				INFOPLIST_FILE = CS4261Assignment1/Info.plist;
				LD_RUNPATH_SEARCH_PATHS = (
					"$(inherited)",
					"@executable_path/Frameworks",
				);
				PRODUCT_BUNDLE_IDENTIFIER = ECE.CS4261Assignment1;
				PRODUCT_NAME = "$(TARGET_NAME)";
				SWIFT_VERSION = 4.2;
				TARGETED_DEVICE_FAMILY = "1,2";
			};
			name = Release;
		};
		3D28DDCD231DF5080075D558 /* Debug */ = {
			isa = XCBuildConfiguration;
			buildSettings = {
				ALWAYS_EMBED_SWIFT_STANDARD_LIBRARIES = YES;
				BUNDLE_LOADER = "$(TEST_HOST)";
				CODE_SIGN_STYLE = Automatic;
				INFOPLIST_FILE = CS4261Assignment1Tests/Info.plist;
				LD_RUNPATH_SEARCH_PATHS = (
					"$(inherited)",
					"@executable_path/Frameworks",
					"@loader_path/Frameworks",
				);
				PRODUCT_BUNDLE_IDENTIFIER = ECE.CS4261Assignment1Tests;
				PRODUCT_NAME = "$(TARGET_NAME)";
				SWIFT_VERSION = 4.2;
				TARGETED_DEVICE_FAMILY = "1,2";
				TEST_HOST = "$(BUILT_PRODUCTS_DIR)/CS4261Assignment1.app/CS4261Assignment1";
			};
			name = Debug;
		};
		3D28DDCE231DF5080075D558 /* Release */ = {
			isa = XCBuildConfiguration;
			buildSettings = {
				ALWAYS_EMBED_SWIFT_STANDARD_LIBRARIES = YES;
				BUNDLE_LOADER = "$(TEST_HOST)";
				CODE_SIGN_STYLE = Automatic;
				INFOPLIST_FILE = CS4261Assignment1Tests/Info.plist;
				LD_RUNPATH_SEARCH_PATHS = (
					"$(inherited)",
					"@executable_path/Frameworks",
					"@loader_path/Frameworks",
				);
				PRODUCT_BUNDLE_IDENTIFIER = ECE.CS4261Assignment1Tests;
				PRODUCT_NAME = "$(TARGET_NAME)";
				SWIFT_VERSION = 4.2;
				TARGETED_DEVICE_FAMILY = "1,2";
				TEST_HOST = "$(BUILT_PRODUCTS_DIR)/CS4261Assignment1.app/CS4261Assignment1";
			};
			name = Release;
		};
		3D28DDD0231DF5080075D558 /* Debug */ = {
			isa = XCBuildConfiguration;
			buildSettings = {
				ALWAYS_EMBED_SWIFT_STANDARD_LIBRARIES = YES;
				CODE_SIGN_STYLE = Automatic;
				INFOPLIST_FILE = CS4261Assignment1UITests/Info.plist;
				LD_RUNPATH_SEARCH_PATHS = (
					"$(inherited)",
					"@executable_path/Frameworks",
					"@loader_path/Frameworks",
				);
				PRODUCT_BUNDLE_IDENTIFIER = ECE.CS4261Assignment1UITests;
				PRODUCT_NAME = "$(TARGET_NAME)";
				SWIFT_VERSION = 4.2;
				TARGETED_DEVICE_FAMILY = "1,2";
				TEST_TARGET_NAME = CS4261Assignment1;
			};
			name = Debug;
		};
		3D28DDD1231DF5080075D558 /* Release */ = {
			isa = XCBuildConfiguration;
			buildSettings = {
				ALWAYS_EMBED_SWIFT_STANDARD_LIBRARIES = YES;
				CODE_SIGN_STYLE = Automatic;
				INFOPLIST_FILE = CS4261Assignment1UITests/Info.plist;
				LD_RUNPATH_SEARCH_PATHS = (
					"$(inherited)",
					"@executable_path/Frameworks",
					"@loader_path/Frameworks",
				);
				PRODUCT_BUNDLE_IDENTIFIER = ECE.CS4261Assignment1UITests;
				PRODUCT_NAME = "$(TARGET_NAME)";
				SWIFT_VERSION = 4.2;
				TARGETED_DEVICE_FAMILY = "1,2";
				TEST_TARGET_NAME = CS4261Assignment1;
			};
			name = Release;
		};
/* End XCBuildConfiguration section */

/* Begin XCConfigurationList section */
		3D28DD9C231DF5060075D558 /* Build configuration list for PBXProject "CS4261Assignment1" */ = {
			isa = XCConfigurationList;
			buildConfigurations = (
				3D28DDC7231DF5080075D558 /* Debug */,
				3D28DDC8231DF5080075D558 /* Release */,
			);
			defaultConfigurationIsVisible = 0;
			defaultConfigurationName = Release;
		};
		3D28DDC9231DF5080075D558 /* Build configuration list for PBXNativeTarget "CS4261Assignment1" */ = {
			isa = XCConfigurationList;
			buildConfigurations = (
				3D28DDCA231DF5080075D558 /* Debug */,
				3D28DDCB231DF5080075D558 /* Release */,
			);
			defaultConfigurationIsVisible = 0;
			defaultConfigurationName = Release;
		};
		3D28DDCC231DF5080075D558 /* Build configuration list for PBXNativeTarget "CS4261Assignment1Tests" */ = {
			isa = XCConfigurationList;
			buildConfigurations = (
				3D28DDCD231DF5080075D558 /* Debug */,
				3D28DDCE231DF5080075D558 /* Release */,
			);
			defaultConfigurationIsVisible = 0;
			defaultConfigurationName = Release;
		};
		3D28DDCF231DF5080075D558 /* Build configuration list for PBXNativeTarget "CS4261Assignment1UITests" */ = {
			isa = XCConfigurationList;
			buildConfigurations = (
				3D28DDD0231DF5080075D558 /* Debug */,
				3D28DDD1231DF5080075D558 /* Release */,
			);
			defaultConfigurationIsVisible = 0;
			defaultConfigurationName = Release;
		};
/* End XCConfigurationList section */
	};
	rootObject = 3D28DD99231DF5060075D558 /* Project object */;
}
